
Microsoft Visual Studio Solution File, Format Version 12.00
# Visual Studio Version 16
VisualStudioVersion = 16.0.810.14
MinimumVisualStudioVersion = 10.0.40219.1
Project("{FAE04EC0-301F-11D3-BF4B-00C04F79EFBC}") = "CodingEventsDemo", "CodingEventsDemo.csproj", "{3D46CA35-AE27-4225-9E08-0215AFDCCDF1}"
EndProject
Global
	GlobalSection(SolutionConfigurationPlatforms) = preSolution
		Debug|Any CPU = Debug|Any CPU
		Release|Any CPU = Release|Any CPU
	EndGlobalSection
	GlobalSection(ProjectConfigurationPlatforms) = postSolution
		{3D46CA35-AE27-4225-9E08-0215AFDCCDF1}.Debug|Any CPU.ActiveCfg = Debug|Any CPU
		{3D46CA35-AE27-4225-9E08-0215AFDCCDF1}.Debug|Any CPU.Build.0 = Debug|Any CPU
		{3D46CA35-AE27-4225-9E08-0215AFDCCDF1}.Release|Any CPU.ActiveCfg = Release|Any CPU
		{3D46CA35-AE27-4225-9E08-0215AFDCCDF1}.Release|Any CPU.Build.0 = Release|Any CPU
	EndGlobalSection
	GlobalSection(SolutionProperties) = preSolution
		HideSolutionNode = FALSE
	EndGlobalSection
	GlobalSection(ExtensibilityGlobals) = postSolution
		SolutionGuid = {21D4FE87-0590-41F8-9902-A5FD9AEF88B9}
	EndGlobalSection
EndGlobal
